# This file is automatically @generated by Cargo.
# It is not intended for manual editing.
version = 3

[[package]]
name = "onionroute-client-core"
version = "0.1.0"
dependencies = [
 "onionroute-common-types",
 "onionroute-dns-engine",
 "onionroute-packet-engine",
 "onionroute-policy-engine",
]

[[package]]
name = "onionroute-common-types"
version = "0.1.0"

[[package]]
name = "onionroute-dns-engine"
version = "0.1.0"
dependencies = [
 "onionroute-common-types",
]

[[package]]
name = "onionroute-mobile-ffi"
version = "0.1.0"
dependencies = [
 "onionroute-client-core",
]

[[package]]
name = "onionroute-packet-engine"
version = "0.1.0"
dependencies = [
 "onionroute-common-types",
]

[[package]]
name = "onionroute-policy-engine"
version = "0.1.0"
dependencies = [
 "onionroute-common-types",
]
